
Microsoft Visual Studio Solution File, Format Version 12.00
# Visual Studio Version 16
VisualStudioVersion = 16.0.30804.86
MinimumVisualStudioVersion = 10.0.40219.1
Project("{FAE04EC0-301F-11D3-BF4B-00C04F79EFBC}") = "MediaManagement.Web", "MediaManagement.Web\MediaManagement.Web.csproj", "{F002071E-F8E7-4C0B-8A1C-B88817AE243B}"
EndProject
Project("{2150E333-8FDC-42A3-9474-1A3956D46DE8}") = "Application", "Application", "{C1AC96AA-D7F5-4DE1-A752-092265D3EB3E}"
EndProject
Project("{2150E333-8FDC-42A3-9474-1A3956D46DE8}") = "Domain", "Domain", "{589530AA-FDF6-4DA3-B116-DE84F19E42B6}"
EndProject
Project("{2150E333-8FDC-42A3-9474-1A3956D46DE8}") = "Infrastructure", "Infrastructure", "{C8033015-4FE4-48AF-AA9C-52E41C903CA1}"
EndProject
Project("{2150E333-8FDC-42A3-9474-1A3956D46DE8}") = "Test", "Test", "{A93E0900-B1A5-4D63-950B-E85D5984CF05}"
EndProject
Project("{2150E333-8FDC-42A3-9474-1A3956D46DE8}") = "UI", "UI", "{5109C8EB-FBC2-4336-A6EE-592257D862E4}"
EndProject
Project("{FAE04EC0-301F-11D3-BF4B-00C04F79EFBC}") = "MediaManagement.Application", "MediaManagement.Application\MediaManagement.Application.csproj", "{D010500A-8E56-4D41-A36B-CE287DA5DCAA}"
EndProject
Project("{FAE04EC0-301F-11D3-BF4B-00C04F79EFBC}") = "MediaManagement.Domain", "MediaManagement.Domain\MediaManagement.Domain.csproj", "{DE8567AB-0AD7-42C9-86BC-875B82B1C6A2}"
EndProject
Project("{FAE04EC0-301F-11D3-BF4B-00C04F79EFBC}") = "MediaManagement.Infrastructure", "MediaManagement.Infrastructure\MediaManagement.Infrastructure.csproj", "{07A482AC-B313-465F-94DE-017C27B01BE1}"
EndProject
Project("{FAE04EC0-301F-11D3-BF4B-00C04F79EFBC}") = "MediaManagement.Tests", "MediaManagement.Tests\MediaManagement.Tests.csproj", "{6391EAEC-EA8B-450A-9BB9-C0A26E7D414E}"
EndProject
Global
	GlobalSection(SolutionConfigurationPlatforms) = preSolution
		Debug|Any CPU = Debug|Any CPU
		Release|Any CPU = Release|Any CPU
	EndGlobalSection
	GlobalSection(ProjectConfigurationPlatforms) = postSolution
		{F002071E-F8E7-4C0B-8A1C-B88817AE243B}.Debug|Any CPU.ActiveCfg = Debug|Any CPU
		{F002071E-F8E7-4C0B-8A1C-B88817AE243B}.Debug|Any CPU.Build.0 = Debug|Any CPU
		{F002071E-F8E7-4C0B-8A1C-B88817AE243B}.Release|Any CPU.ActiveCfg = Release|Any CPU
		{F002071E-F8E7-4C0B-8A1C-B88817AE243B}.Release|Any CPU.Build.0 = Release|Any CPU
		{D010500A-8E56-4D41-A36B-CE287DA5DCAA}.Debug|Any CPU.ActiveCfg = Debug|Any CPU
		{D010500A-8E56-4D41-A36B-CE287DA5DCAA}.Debug|Any CPU.Build.0 = Debug|Any CPU
		{D010500A-8E56-4D41-A36B-CE287DA5DCAA}.Release|Any CPU.ActiveCfg = Release|Any CPU
		{D010500A-8E56-4D41-A36B-CE287DA5DCAA}.Release|Any CPU.Build.0 = Release|Any CPU
		{DE8567AB-0AD7-42C9-86BC-875B82B1C6A2}.Debug|Any CPU.ActiveCfg = Debug|Any CPU
		{DE8567AB-0AD7-42C9-86BC-875B82B1C6A2}.Debug|Any CPU.Build.0 = Debug|Any CPU
		{DE8567AB-0AD7-42C9-86BC-875B82B1C6A2}.Release|Any CPU.ActiveCfg = Release|Any CPU
		{DE8567AB-0AD7-42C9-86BC-875B82B1C6A2}.Release|Any CPU.Build.0 = Release|Any CPU
		{07A482AC-B313-465F-94DE-017C27B01BE1}.Debug|Any CPU.ActiveCfg = Debug|Any CPU
		{07A482AC-B313-465F-94DE-017C27B01BE1}.Debug|Any CPU.Build.0 = Debug|Any CPU
		{07A482AC-B313-465F-94DE-017C27B01BE1}.Release|Any CPU.ActiveCfg = Release|Any CPU
		{07A482AC-B313-465F-94DE-017C27B01BE1}.Release|Any CPU.Build.0 = Release|Any CPU
		{6391EAEC-EA8B-450A-9BB9-C0A26E7D414E}.Debug|Any CPU.ActiveCfg = Debug|Any CPU
		{6391EAEC-EA8B-450A-9BB9-C0A26E7D414E}.Debug|Any CPU.Build.0 = Debug|Any CPU
		{6391EAEC-EA8B-450A-9BB9-C0A26E7D414E}.Release|Any CPU.ActiveCfg = Release|Any CPU
		{6391EAEC-EA8B-450A-9BB9-C0A26E7D414E}.Release|Any CPU.Build.0 = Release|Any CPU
	EndGlobalSection
	GlobalSection(SolutionProperties) = preSolution
		HideSolutionNode = FALSE
	EndGlobalSection
	GlobalSection(NestedProjects) = preSolution
		{F002071E-F8E7-4C0B-8A1C-B88817AE243B} = {5109C8EB-FBC2-4336-A6EE-592257D862E4}
		{D010500A-8E56-4D41-A36B-CE287DA5DCAA} = {C1AC96AA-D7F5-4DE1-A752-092265D3EB3E}
		{DE8567AB-0AD7-42C9-86BC-875B82B1C6A2} = {589530AA-FDF6-4DA3-B116-DE84F19E42B6}
		{07A482AC-B313-465F-94DE-017C27B01BE1} = {C8033015-4FE4-48AF-AA9C-52E41C903CA1}
		{6391EAEC-EA8B-450A-9BB9-C0A26E7D414E} = {A93E0900-B1A5-4D63-950B-E85D5984CF05}
	EndGlobalSection
	GlobalSection(ExtensibilityGlobals) = postSolution
		SolutionGuid = {FB004F30-B2A6-4891-83EF-16FE1E8496E0}
	EndGlobalSection
EndGlobal
